// !$*UTF8*$!
{
	archiveVersion = 1;
	classes = {
	};
	objectVersion = 46;
	objects = {

/* Begin PBXBuildFile section */
		3894E01E1D029818000DB3D3 /* AppDelegate.swift in Sources */ = {isa = PBXBuildFile; fileRef = 3894E01D1D029818000DB3D3 /* AppDelegate.swift */; };
		3894E0201D029818000DB3D3 /* ViewController.swift in Sources */ = {isa = PBXBuildFile; fileRef = 3894E01F1D029818000DB3D3 /* ViewController.swift */; };
		3894E0231D029818000DB3D3 /* Main.storyboard in Resources */ = {isa = PBXBuildFile; fileRef = 3894E0211D029818000DB3D3 /* Main.storyboard */; };
		3894E0251D029818000DB3D3 /* Assets.xcassets in Resources */ = {isa = PBXBuildFile; fileRef = 3894E0241D029818000DB3D3 /* Assets.xcassets */; };
		3894E0281D029818000DB3D3 /* LaunchScreen.storyboard in Resources */ = {isa = PBXBuildFile; fileRef = 3894E0261D029818000DB3D3 /* LaunchScreen.storyboard */; };
		3894E0301D02998C000DB3D3 /* DataPoints.swift in Sources */ = {isa = PBXBuildFile; fileRef = 3894E02F1D02998C000DB3D3 /* DataPoints.swift */; };
/* End PBXBuildFile section */

/* Begin PBXFileReference section */
		3894E01A1D029818000DB3D3 /* CrimeMap.app */ = {isa = PBXFileReference; explicitFileType = wrapper.application; includeInIndex = 0; path = CrimeMap.app; sourceTree = BUILT_PRODUCTS_DIR; };
		3894E01D1D029818000DB3D3 /* AppDelegate.swift */ = {isa = PBXFileReference; lastKnownFileType = sourcecode.swift; path = AppDelegate.swift; sourceTree = "<group>"; };
		3894E01F1D029818000DB3D3 /* ViewController.swift */ = {isa = PBXFileReference; lastKnownFileType = sourcecode.swift; path = ViewController.swift; sourceTree = "<group>"; };
		3894E0221D029818000DB3D3 /* Base */ = {isa = PBXFileReference; lastKnownFileType = file.storyboard; name = Base; path = Base.lproj/Main.storyboard; sourceTree = "<group>"; };
		3894E0241D029818000DB3D3 /* Assets.xcassets */ = {isa = PBXFileReference; lastKnownFileType = folder.assetcatalog; path = Assets.xcassets; sourceTree = "<group>"; };
		3894E0271D029818000DB3D3 /* Base */ = {isa = PBXFileReference; lastKnownFileType = file.storyboard; name = Base; path = Base.lproj/LaunchScreen.storyboard; sourceTree = "<group>"; };
		3894E0291D029818000DB3D3 /* Info.plist */ = {isa = PBXFileReference; lastKnownFileType = text.plist.xml; path = Info.plist; sourceTree = "<group>"; };
		3894E02F1D02998C000DB3D3 /* DataPoints.swift */ = {isa = PBXFileReference; fileEncoding = 4; lastKnownFileType = sourcecode.swift; path = DataPoints.swift; sourceTree = "<group>"; };
/* End PBXFileReference section */

/* Begin PBXFrameworksBuildPhase section */
		3894E0171D029818000DB3D3 /* Frameworks */ = {
			isa = PBXFrameworksBuildPhase;
			buildActionMask = 2147483647;
			files = (
			);
			runOnlyForDeploymentPostprocessing = 0;
		};
/* End PBXFrameworksBuildPhase section */

/* Begin PBXGroup section */
		3894E0111D029818000DB3D3 = {
			isa = PBXGroup;
			children = (
				3894E01C1D029818000DB3D3 /* CrimeMap */,
				3894E01B1D029818000DB3D3 /* Products */,
			);
			sourceTree = "<group>";
		};
		3894E01B1D029818000DB3D3 /* Products */ = {
			isa = PBXGroup;
			children = (
				3894E01A1D029818000DB3D3 /* CrimeMap.app */,
			);
			name = Products;
			sourceTree = "<group>";
		};
		3894E01C1D029818000DB3D3 /* CrimeMap */ = {
			isa = PBXGroup;
			children = (
				3894E01D1D029818000DB3D3 /* AppDelegate.swift */,
				3894E01F1D029818000DB3D3 /* ViewController.swift */,
				3894E0211D029818000DB3D3 /* Main.storyboard */,
				3894E0241D029818000DB3D3 /* Assets.xcassets */,
				3894E0261D029818000DB3D3 /* LaunchScreen.storyboard */,
				3894E0291D029818000DB3D3 /* Info.plist */,
				3894E02F1D02998C000DB3D3 /* DataPoints.swift */,
			);
			path = CrimeMap;
			sourceTree = "<group>";
		};
/* End PBXGroup section */

/* Begin PBXNativeTarget section */
		3894E0191D029818000DB3D3 /* CrimeMap */ = {
			isa = PBXNativeTarget;
			buildConfigurationList = 3894E02C1D029818000DB3D3 /* Build configuration list for PBXNativeTarget "CrimeMap" */;
			buildPhases = (
				3894E0161D029818000DB3D3 /* Sources */,
				3894E0171D029818000DB3D3 /* Frameworks */,
				3894E0181D029818000DB3D3 /* Resources */,
			);
			buildRules = (
			);
			dependencies = (
			);
			name = CrimeMap;
			productName = CrimeMap;
			productReference = 3894E01A1D029818000DB3D3 /* CrimeMap.app */;
			productType = "com.apple.product-type.application";
		};
/* End PBXNativeTarget section */

/* Begin PBXProject section */
		3894E0121D029818000DB3D3 /* Project object */ = {
			isa = PBXProject;
			attributes = {
				LastSwiftUpdateCheck = 0730;
				LastUpgradeCheck = 0730;
				ORGANIZATIONNAME = "Jonathan Niemerg";
				TargetAttributes = {
					3894E0191D029818000DB3D3 = {
						CreatedOnToolsVersion = 7.3.1;
					};
				};
			};
			buildConfigurationList = 3894E0151D029818000DB3D3 /* Build configuration list for PBXProject "CrimeMap" */;
			compatibilityVersion = "Xcode 3.2";
			developmentRegion = English;
			hasScannedForEncodings = 0;
			knownRegions = (
				en,
				Base,
			);
			mainGroup = 3894E0111D029818000DB3D3;
			productRefGroup = 3894E01B1D029818000DB3D3 /* Products */;
			projectDirPath = "";
			projectRoot = "";
			targets = (
				3894E0191D029818000DB3D3 /* CrimeMap */,
			);
		};
/* End PBXProject section */

/* Begin PBXResourcesBuildPhase section */
		3894E0181D029818000DB3D3 /* Resources */ = {
			isa = PBXResourcesBuildPhase;
			buildActionMask = 2147483647;
			files = (
				3894E0281D029818000DB3D3 /* LaunchScreen.storyboard in Resources */,
				3894E0251D029818000DB3D3 /* Assets.xcassets in Resources */,
				3894E0231D029818000DB3D3 /* Main.storyboard in Resources */,
			);
			runOnlyForDeploymentPostprocessing = 0;
		};
/* End PBXResourcesBuildPhase section */

/* Begin PBXSourcesBuildPhase section */
		3894E0161D029818000DB3D3 /* Sources */ = {
			isa = PBXSourcesBuildPhase;
			buildActionMask = 2147483647;
			files = (
				3894E0201D029818000DB3D3 /* ViewController.swift in Sources */,
				3894E0301D02998C000DB3D3 /* DataPoints.swift in Sources */,
				3894E01E1D029818000DB3D3 /* AppDelegate.swift in Sources */,
			);
			runOnlyForDeploymentPostprocessing = 0;
		};
/* End PBXSourcesBuildPhase section */

/* Begin PBXVariantGroup section */
		3894E0211D029818000DB3D3 /* Main.storyboard */ = {
			isa = PBXVariantGroup;
			children = (
				3894E0221D029818000DB3D3 /* Base */,
			);
			name = Main.storyboard;
			sourceTree = "<group>";
		};
		3894E0261D029818000DB3D3 /* LaunchScreen.storyboard */ = {
			isa = PBXVariantGroup;
			children = (
				3894E0271D029818000DB3D3 /* Base */,
			);
			name = LaunchScreen.storyboard;
			sourceTree = "<group>";
		};
/* End PBXVariantGroup section */

/* Begin XCBuildConfiguration section */
		3894E02A1D029818000DB3D3 /* Debug */ = {
			isa = XCBuildConfiguration;
			buildSettings = {
				ALWAYS_SEARCH_USER_PATHS = NO;
				CLANG_ANALYZER_NONNULL = YES;
				CLANG_CXX_LANGUAGE_STANDARD = "gnu++0x";
				CLANG_CXX_LIBRARY = "libc++";
				CLANG_ENABLE_MODULES = YES;
				CLANG_ENABLE_OBJC_ARC = YES;
				CLANG_WARN_BOOL_CONVERSION = YES;
				CLANG_WARN_CONSTANT_CONVERSION = YES;
				CLANG_WARN_DIRECT_OBJC_ISA_USAGE = YES_ERROR;
				CLANG_WARN_EMPTY_BODY = YES;
				CLANG_WARN_ENUM_CONVERSION = YES;
				CLANG_WARN_INT_CONVERSION = YES;
				CLANG_WARN_OBJC_ROOT_CLASS = YES_ERROR;
				CLANG_WARN_UNREACHABLE_CODE = YES;
				CLANG_WARN__DUPLICATE_METHOD_MATCH = YES;
				"CODE_SIGN_IDENTITY[sdk=iphoneos*]" = "iPhone Developer";
				COPY_PHASE_STRIP = NO;
				DEBUG_INFORMATION_FORMAT = dwarf;
				ENABLE_STRICT_OBJC_MSGSEND = YES;
				ENABLE_TESTABILITY = YES;
				GCC_C_LANGUAGE_STANDARD = gnu99;
				GCC_DYNAMIC_NO_PIC = NO;
				GCC_NO_COMMON_BLOCKS = YES;
				GCC_OPTIMIZATION_LEVEL = 0;
				GCC_PREPROCESSOR_DEFINITIONS = (
					"DEBUG=1",
					"$(inherited)",
				);
				GCC_WARN_64_TO_32_BIT_CONVERSION = YES;
				GCC_WARN_ABOUT_RETURN_TYPE = YES_ERROR;
				GCC_WARN_UNDECLARED_SELECTOR = YES;
				GCC_WARN_UNINITIALIZED_AUTOS = YES_AGGRESSIVE;
				GCC_WARN_UNUSED_FUNCTION = YES;
				GCC_WARN_UNUSED_VARIABLE = YES;
				IPHONEOS_DEPLOYMENT_TARGET = 9.3;
				MTL_ENABLE_DEBUG_INFO = YES;
				ONLY_ACTIVE_ARCH = YES;
				SDKROOT = iphoneos;
				SWIFT_OPTIMIZATION_LEVEL = "-Onone";
			};
			name = Debug;
		};
		3894E02B1D029818000DB3D3 /* Release */ = {
			isa = XCBuildConfiguration;
			buildSettings = {
				ALWAYS_SEARCH_USER_PATHS = NO;
				CLANG_ANALYZER_NONNULL = YES;
				CLANG_CXX_LANGUAGE_STANDARD = "gnu++0x";
				CLANG_CXX_LIBRARY = "libc++";
				CLANG_ENABLE_MODULES = YES;
				CLANG_ENABLE_OBJC_ARC = YES;
				CLANG_WARN_BOOL_CONVERSION = YES;
				CLANG_WARN_CONSTANT_CONVERSION = YES;
				CLANG_WARN_DIRECT_OBJC_ISA_USAGE = YES_ERROR;
				CLANG_WARN_EMPTY_BODY = YES;
				CLANG_WARN_ENUM_CONVERSION = YES;
				CLANG_WARN_INT_CONVERSION = YES;
				CLANG_WARN_OBJC_ROOT_CLASS = YES_ERROR;
				CLANG_WARN_UNREACHABLE_CODE = YES;
				CLANG_WARN__DUPLICATE_METHOD_MATCH = YES;
				"CODE_SIGN_IDENTITY[sdk=iphoneos*]" = "iPhone Developer";
				COPY_PHASE_STRIP = NO;
				DEBUG_INFORMATION_FORMAT = "dwarf-with-dsym";
				ENABLE_NS_ASSERTIONS = NO;
				ENABLE_STRICT_OBJC_MSGSEND = YES;
				GCC_C_LANGUAGE_STANDARD = gnu99;
				GCC_NO_COMMON_BLOCKS = YES;
				GCC_WARN_64_TO_32_BIT_CONVERSION = YES;
				GCC_WARN_ABOUT_RETURN_TYPE = YES_ERROR;
				GCC_WARN_UNDECLARED_SELECTOR = YES;
				GCC_WARN_UNINITIALIZED_AUTOS = YES_AGGRESSIVE;
				GCC_WARN_UNUSED_FUNCTION = YES;
				GCC_WARN_UNUSED_VARIABLE = YES;
				IPHONEOS_DEPLOYMENT_TARGET = 9.3;
				MTL_ENABLE_DEBUG_INFO = NO;
				SDKROOT = iphoneos;
				VALIDATE_PRODUCT = YES;
			};
			name = Release;
		};
		3894E02D1D029818000DB3D3 /* Debug */ = {
			isa = XCBuildConfiguration;
			buildSettings = {
				ASSETCATALOG_COMPILER_APPICON_NAME = AppIcon;
				INFOPLIST_FILE = CrimeMap/Info.plist;
				LD_RUNPATH_SEARCH_PATHS = "$(inherited) @executable_path/Frameworks";
				PRODUCT_BUNDLE_IDENTIFIER = edu.rockvalleycollege.CrimeMap;
				PRODUCT_NAME = "$(TARGET_NAME)";
			};
			name = Debug;
		};
		3894E02E1D029818000DB3D3 /* Release */ = {
			isa = XCBuildConfiguration;
			buildSettings = {
				ASSETCATALOG_COMPILER_APPICON_NAME = AppIcon;
				INFOPLIST_FILE = CrimeMap/Info.plist;
				LD_RUNPATH_SEARCH_PATHS = "$(inherited) @executable_path/Frameworks";
				PRODUCT_BUNDLE_IDENTIFIER = edu.rockvalleycollege.CrimeMap;
				PRODUCT_NAME = "$(TARGET_NAME)";
			};
			name = Release;
		};
/* End XCBuildConfiguration section */

/* Begin XCConfigurationList section */
		3894E0151D029818000DB3D3 /* Build configuration list for PBXProject "CrimeMap" */ = {
			isa = XCConfigurationList;
			buildConfigurations = (
				3894E02A1D029818000DB3D3 /* Debug */,
				3894E02B1D029818000DB3D3 /* Release */,
			);
			defaultConfigurationIsVisible = 0;
			defaultConfigurationName = Release;
		};
		3894E02C1D029818000DB3D3 /* Build configuration list for PBXNativeTarget "CrimeMap" */ = {
			isa = XCConfigurationList;
			buildConfigurations = (
				3894E02D1D029818000DB3D3 /* Debug */,
				3894E02E1D029818000DB3D3 /* Release */,
			);
			defaultConfigurationIsVisible = 0;
		};
/* End XCConfigurationList section */
	};
	rootObject = 3894E0121D029818000DB3D3 /* Project object */;
}
